Microsoft Visual Studio Solution File, Format Version 12.00
# Visual Studio Version 17
VisualStudioVersion = 17.5.2.0
MinimumVisualStudioVersion = 10.0.40219.1
Project("{FAE04EC0-301F-11D3-BF4B-00C04F79EFBC}") = "DosBoxModemEmulator", "DosBoxModemEmulator.csproj", "{5E607BEA-0D09-BBDA-375B-BFBD1AC14ABE}"
EndProject
Global
	GlobalSection(SolutionConfigurationPlatforms) = preSolution
		Debug|Any CPU = Debug|Any CPU
		Release|Any CPU = Release|Any CPU
	EndGlobalSection
	GlobalSection(ProjectConfigurationPlatforms) = postSolution
		{5E607BEA-0D09-BBDA-375B-BFBD1AC14ABE}.Debug|Any CPU.ActiveCfg = Debug|Any CPU
		{5E607BEA-0D09-BBDA-375B-BFBD1AC14ABE}.Debug|Any CPU.Build.0 = Debug|Any CPU
		{5E607BEA-0D09-BBDA-375B-BFBD1AC14ABE}.Release|Any CPU.ActiveCfg = Release|Any CPU
		{5E607BEA-0D09-BBDA-375B-BFBD1AC14ABE}.Release|Any CPU.Build.0 = Release|Any CPU
	EndGlobalSection
	GlobalSection(SolutionProperties) = preSolution
		HideSolutionNode = FALSE
	EndGlobalSection
	GlobalSection(ExtensibilityGlobals) = postSolution
		SolutionGuid = {CEC5526F-00C4-41C5-B14B-BA01BCB0636B}
	EndGlobalSection
EndGlobal
